
Microsoft Visual Studio Solution File, Format Version 12.00
# Visual Studio 14
VisualStudioVersion = 14.0.25420.1
MinimumVisualStudioVersion = 10.0.40219.1
Project("{FAE04EC0-301F-11D3-BF4B-00C04F79EFBC}") = "COMP123 S2017- LESSON 12A", "COMP123 S2017- LESSON 12A\COMP123 S2017- LESSON 12A.csproj", "{9EA7BE0A-C131-47C0-A166-8C7ED17C65F9}"
EndProject
Global
	GlobalSection(SolutionConfigurationPlatforms) = preSolution
		Debug|Any CPU = Debug|Any CPU
		Release|Any CPU = Release|Any CPU
	EndGlobalSection
	GlobalSection(ProjectConfigurationPlatforms) = postSolution
		{9EA7BE0A-C131-47C0-A166-8C7ED17C65F9}.Debug|Any CPU.ActiveCfg = Debug|Any CPU
		{9EA7BE0A-C131-47C0-A166-8C7ED17C65F9}.Debug|Any CPU.Build.0 = Debug|Any CPU
		{9EA7BE0A-C131-47C0-A166-8C7ED17C65F9}.Release|Any CPU.ActiveCfg = Release|Any CPU
		{9EA7BE0A-C131-47C0-A166-8C7ED17C65F9}.Release|Any CPU.Build.0 = Release|Any CPU
	EndGlobalSection
	GlobalSection(SolutionProperties) = preSolution
		HideSolutionNode = FALSE
	EndGlobalSection
EndGlobal
